
Microsoft Visual Studio Solution File, Format Version 12.00
# Visual Studio Version 17
VisualStudioVersion = 17.0.31423.177
MinimumVisualStudioVersion = 10.0.40219.1
Project("{FAE04EC0-301F-11D3-BF4B-00C04F79EFBC}") = "NOB.SampleProject", "NOB.SampleProject\NOB.SampleProject.csproj", "{36CDE79C-5C86-4D69-83E9-D7EF8271525E}"
EndProject
Project("{FAE04EC0-301F-11D3-BF4B-00C04F79EFBC}") = "NOB.Generator", "NOB.Generator\NOB.Generator.csproj", "{906EB1B7-718C-472B-A941-871728DCBC53}"
EndProject
Global
	GlobalSection(SolutionConfigurationPlatforms) = preSolution
		Debug|Any CPU = Debug|Any CPU
		Release|Any CPU = Release|Any CPU
	EndGlobalSection
	GlobalSection(ProjectConfigurationPlatforms) = postSolution
		{36CDE79C-5C86-4D69-83E9-D7EF8271525E}.Debug|Any CPU.ActiveCfg = Debug|Any CPU
		{36CDE79C-5C86-4D69-83E9-D7EF8271525E}.Debug|Any CPU.Build.0 = Debug|Any CPU
		{36CDE79C-5C86-4D69-83E9-D7EF8271525E}.Release|Any CPU.ActiveCfg = Release|Any CPU
		{36CDE79C-5C86-4D69-83E9-D7EF8271525E}.Release|Any CPU.Build.0 = Release|Any CPU
		{906EB1B7-718C-472B-A941-871728DCBC53}.Debug|Any CPU.ActiveCfg = Debug|Any CPU
		{906EB1B7-718C-472B-A941-871728DCBC53}.Debug|Any CPU.Build.0 = Debug|Any CPU
		{906EB1B7-718C-472B-A941-871728DCBC53}.Release|Any CPU.ActiveCfg = Release|Any CPU
		{906EB1B7-718C-472B-A941-871728DCBC53}.Release|Any CPU.Build.0 = Release|Any CPU
	EndGlobalSection
	GlobalSection(SolutionProperties) = preSolution
		HideSolutionNode = FALSE
	EndGlobalSection
	GlobalSection(ExtensibilityGlobals) = postSolution
		SolutionGuid = {4F166FA3-B4C1-4FE8-874D-43BA4F3EC048}
	EndGlobalSection
EndGlobal
